
Microsoft Visual Studio Solution File, Format Version 12.00
# Visual Studio Version 17
VisualStudioVersion = 17.5.002.0
MinimumVisualStudioVersion = 10.0.40219.1
Project("{9A19103F-16F7-4668-BE54-9A1E7A4F7556}") = "Starter", "Starter.csproj", "{10DBB5AB-EC17-4833-8203-6D6C1ECDC735}"
EndProject
Global
	GlobalSection(SolutionConfigurationPlatforms) = preSolution
		Debug|Any CPU = Debug|Any CPU
		Release|Any CPU = Release|Any CPU
	EndGlobalSection
	GlobalSection(ProjectConfigurationPlatforms) = postSolution
		{10DBB5AB-EC17-4833-8203-6D6C1ECDC735}.Debug|Any CPU.ActiveCfg = Debug|Any CPU
		{10DBB5AB-EC17-4833-8203-6D6C1ECDC735}.Debug|Any CPU.Build.0 = Debug|Any CPU
		{10DBB5AB-EC17-4833-8203-6D6C1ECDC735}.Release|Any CPU.ActiveCfg = Release|Any CPU
		{10DBB5AB-EC17-4833-8203-6D6C1ECDC735}.Release|Any CPU.Build.0 = Release|Any CPU
	EndGlobalSection
	GlobalSection(SolutionProperties) = preSolution
		HideSolutionNode = FALSE
	EndGlobalSection
	GlobalSection(ExtensibilityGlobals) = postSolution
		SolutionGuid = {C86BBA82-C95A-439B-818E-EC1BB578EFB2}
	EndGlobalSection
EndGlobal
